github.com/gethugothemes/hugo-modules/gallery-slider v0.0.0-20231213094845-42e6b5af6245 h1:E4vUfHFd78Oji7FccNlJuQDEUbV24q2w5+KaE62/GXk=
github.com/gethugothemes/hugo-modules/gallery-slider v0.0.0-20231213094845-42e6b5af6245/go.mod h1:MvQ2js/ofZ22CTX5wuvE+dC0rMe6C5HAWL2fEOu/yzE=
github.com/gethugothemes/hugo-modules/gallery-slider v0.0.0-20240120062719-ef21cc42d8bc h1:ozHOFVb3gNVhSz3WEuBAP/Q//YvSCOyAaCp/VYXt0Dk=
github.com/gethugothemes/hugo-modules/gallery-slider v0.0.0-20240120062719-ef21cc42d8bc/go.mod h1:MvQ2js/ofZ22CTX5wuvE+dC0rMe6C5HAWL2fEOu/yzE=
github.com/gethugothemes/hugo-modules/search v0.0.0-20240120062719-ef21cc42d8bc h1:VaNN9kjuWXuAMcgvZSCcbVvxc34VXHXajM6btBLnbPM=
github.com/gethugothemes/hugo-modules/search v0.0.0-20240120062719-ef21cc42d8bc/go.mod h1:tmDvLaZCM+QDvS/WLZXNjY1QTdWh7/68D2wIToECbyA=
github.com/hugomods/icons v0.6.0 h1:G6RU93okhPPRDh/jqcew9gwkcYpSpg0rCBv4S6yUAFw=
github.com/hugomods/icons v0.6.0/go.mod h1:cIkSvK6W0q6N4U6n9KGz+QfRWQXAW0INd+1P31gPNGg=
github.com/hugomods/search v0.8.3 h1:IIeU8Xw5t+SRYwpX08NjROt+YtDtWjjW0Xa00nEaYVs=
github.com/hugomods/search v0.8.3/go.mod h1:FURp5HBUm8JiuJajLk9sZ1Z1QUSJATboYEp1sFi46a4=
github.com/hugomods/search v0.8.4 h1:LWnTZ3Zs6Tv9Qv61XvrJzKEJ2UvYa+gKwv/yvhtMb5U=
github.com/hugomods/search v0.8.4/go.mod h1:FURp5HBUm8JiuJajLk9sZ1Z1QUSJATboYEp1sFi46a4=
github.com/hugomods/search v0.8.5 h1:tP3ixxpUgpdj7dmBmnMdoDQtn+dwQNOTgA0Uw1mlxA8=
github.com/hugomods/search v0.8.5/go.mod h1:FURp5HBUm8JiuJajLk9sZ1Z1QUSJATboYEp1sFi46a4=
github.com/hugomods/search v0.8.7 h1:mfBVHY0JHkwjaHSUPD64v1KuW1+J0gthfOk2zfoLMP0=
github.com/hugomods/search v0.8.7/go.mod h1:FURp5HBUm8JiuJajLk9sZ1Z1QUSJATboYEp1sFi46a4=
github.com/krisk/Fuse v7.0.0+incompatible h1:jVyg6No+Joc51Rn97QQYJZIpCxzd4ywACn/4+FKWjvo=
github.com/krisk/Fuse v7.0.0+incompatible/go.mod h1:3moWv8rDjwoKic9nwiPLgZjldkbdTAbtzJHCu/Vsj4A=
github.com/twbs/icons v1.11.3 h1:XhvrQ1XDom9ggBbQx3wQCFGEr8qAQwQP/dAcw8OXMtA=
github.com/twbs/icons v1.11.3/go.mod h1:GnRlymgVWp5iVJCMa0Me5b6tFyGpVc2bSxPMRGIJmyA=
