<<<<<<< Updated upstream
github.com/gethugothemes/hugo-modules/gallery-slider v0.0.0-20231213094845-42e6b5af6245 h1:E4vUfHFd78Oji7FccNlJuQDEUbV24q2w5+KaE62/GXk=
github.com/gethugothemes/hugo-modules/gallery-slider v0.0.0-20231213094845-42e6b5af6245/go.mod h1:MvQ2js/ofZ22CTX5wuvE+dC0rMe6C5HAWL2fEOu/yzE=
github.com/gethugothemes/hugo-modules/gallery-slider v0.0.0-20240120062719-ef21cc42d8bc h1:ozHOFVb3gNVhSz3WEuBAP/Q//YvSCOyAaCp/VYXt0Dk=
github.com/gethugothemes/hugo-modules/gallery-slider v0.0.0-20240120062719-ef21cc42d8bc/go.mod h1:MvQ2js/ofZ22CTX5wuvE+dC0rMe6C5HAWL2fEOu/yzE=
github.com/gethugothemes/hugo-modules/search v0.0.0-20240120062719-ef21cc42d8bc h1:VaNN9kjuWXuAMcgvZSCcbVvxc34VXHXajM6btBLnbPM=
github.com/gethugothemes/hugo-modules/search v0.0.0-20240120062719-ef21cc42d8bc/go.mod h1:tmDvLaZCM+QDvS/WLZXNjY1QTdWh7/68D2wIToECbyA=
github.com/hugomods/bootstrap v0.17.3 h1:YdsTcRRr1Aidk6jntyGW2HGP5U+iehguJz9swVDQrNw=
github.com/hugomods/bootstrap v0.17.3/go.mod h1:SaJtm/hMN0giD5tCUzT+6UsphTIFpAspsZHisGA081U=
github.com/hugomods/icons v0.6.0 h1:G6RU93okhPPRDh/jqcew9gwkcYpSpg0rCBv4S6yUAFw=
github.com/hugomods/icons v0.6.0/go.mod h1:cIkSvK6W0q6N4U6n9KGz+QfRWQXAW0INd+1P31gPNGg=
github.com/hugomods/icons v0.6.2 h1:uESGgdnZ0NW/IPNfbGuq1dYG/p5XiqZ9R9CNq0Snr4c=
github.com/hugomods/icons v0.6.2/go.mod h1:cIkSvK6W0q6N4U6n9KGz+QfRWQXAW0INd+1P31gPNGg=
github.com/hugomods/images v0.9.1 h1:+wUsdPf+v0bRXQHkcQRhIJukYQEx2sdu5I+jEB+Q174=
github.com/hugomods/images v0.9.1/go.mod h1:U6Gwj16LKvk66rOMyGFrnF6f0aV8lT89lqOsckOAjYY=
github.com/hugomods/katex v0.3.0 h1:hq0Kels9clL38Y2K/QZgXFKF7hQuumyQYz16TT4/Hhk=
github.com/hugomods/katex v0.3.0/go.mod h1:EBY1YQTN6F8FDQz+mWp3EzEh8vDN31YjL9luVni+Wm0=
github.com/hugomods/search v0.13.2 h1:gdtJENHE6RKXQ8oL2dELCGR7gpy0wzpCKmLW4CM9YQg=
github.com/hugomods/search v0.13.2/go.mod h1:xPnDGjP/HCdEWJrJBwwdI2mEtdxFxp+wHBwSl/r2m00=
